
Microsoft Visual Studio Solution File, Format Version 12.00
# Visual Studio 15
VisualStudioVersion = 15.0.28307.2017
MinimumVisualStudioVersion = 10.0.40219.1
Project("{8BC9CEB8-8B4A-11D0-8D11-00A0C91BC942}") = "WindowsProject", "WindowsProject\WindowsProject.vcxproj", "{85CD0911-72A2-4F96-BA19-9B76521F3A1F}"
EndProject
Global
	GlobalSection(SolutionConfigurationPlatforms) = preSolution
		Debug|x64 = Debug|x64
		Debug|x86 = Debug|x86
		Release|x64 = Release|x64
		Release|x86 = Release|x86
	EndGlobalSection
	GlobalSection(ProjectConfigurationPlatforms) = postSolution
		{85CD0911-72A2-4F96-BA19-9B76521F3A1F}.Debug|x64.ActiveCfg = Debug|x64
		{85CD0911-72A2-4F96-BA19-9B76521F3A1F}.Debug|x64.Build.0 = Debug|x64
		{85CD0911-72A2-4F96-BA19-9B76521F3A1F}.Debug|x86.ActiveCfg = Debug|Win32
		{85CD0911-72A2-4F96-BA19-9B76521F3A1F}.Debug|x86.Build.0 = Debug|Win32
		{85CD0911-72A2-4F96-BA19-9B76521F3A1F}.Release|x64.ActiveCfg = Release|x64
		{85CD0911-72A2-4F96-BA19-9B76521F3A1F}.Release|x64.Build.0 = Release|x64
		{85CD0911-72A2-4F96-BA19-9B76521F3A1F}.Release|x86.ActiveCfg = Release|Win32
		{85CD0911-72A2-4F96-BA19-9B76521F3A1F}.Release|x86.Build.0 = Release|Win32
	EndGlobalSection
	GlobalSection(SolutionProperties) = preSolution
		HideSolutionNode = FALSE
	EndGlobalSection
	GlobalSection(ExtensibilityGlobals) = postSolution
		SolutionGuid = {FE9C8C5C-807B-4CDF-954F-8D386DFF168A}
	EndGlobalSection
EndGlobal
